{
  "name": "react-native-bm-header-action",
  "version": "1.0.0",
  "lockfileVersion": 1,
  "requires": true,
  "dependencies": {
    "react-native-bm-icon-button": {
      "version": "1.0.4",
      "resolved": "https://registry.npmjs.org/react-native-bm-icon-button/-/react-native-bm-icon-button-1.0.4.tgz",
      "integrity": "sha512-HmPEcLRPrZcJzQ6Kgd0PY3mS8ctg6L1Po2+fuOKN42r3j1Pl+XR7b2Te1+Nxo4O8OsSRoyeNCU+zVyf7d8OoeA=="
    }
  }
}
